
Microsoft Visual Studio Solution File, Format Version 12.00
# Visual Studio Version 16
VisualStudioVersion = 16.0.31729.503
MinimumVisualStudioVersion = 10.0.40219.1
Project("{9A19103F-16F7-4668-BE54-9A1E7A4F7556}") = "TestTechnique", "TestTechnique.csproj", "{1F12A6BA-F921-44D1-AF88-A7250AC7239E}"
EndProject
Global
	GlobalSection(SolutionConfigurationPlatforms) = preSolution
		Debug|Any CPU = Debug|Any CPU
		Release|Any CPU = Release|Any CPU
	EndGlobalSection
	GlobalSection(ProjectConfigurationPlatforms) = postSolution
		{1F12A6BA-F921-44D1-AF88-A7250AC7239E}.Debug|Any CPU.ActiveCfg = Debug|Any CPU
		{1F12A6BA-F921-44D1-AF88-A7250AC7239E}.Debug|Any CPU.Build.0 = Debug|Any CPU
		{1F12A6BA-F921-44D1-AF88-A7250AC7239E}.Release|Any CPU.ActiveCfg = Release|Any CPU
		{1F12A6BA-F921-44D1-AF88-A7250AC7239E}.Release|Any CPU.Build.0 = Release|Any CPU
	EndGlobalSection
	GlobalSection(SolutionProperties) = preSolution
		HideSolutionNode = FALSE
	EndGlobalSection
	GlobalSection(ExtensibilityGlobals) = postSolution
		SolutionGuid = {5E9EDF7C-5498-4105-ABC0-FBA33827A7AC}
	EndGlobalSection
EndGlobal
